<?xml version="1.0" encoding="utf-8"?>
<Project ToolsVersion="4.0" xmlns="http://schemas.microsoft.com/developer/msbuild/2003">
  <ItemGroup>
    <Filter Include="Source Files">
      <UniqueIdentifier>{4FC737F1-C7A5-4376-A066-2A32D752A2FF}</UniqueIdentifier>
      <Extensions>cpp;c;cc;cxx;def;odl;idl;hpj;bat;asm;asmx</Extensions>
    </Filter>
    <Filter Include="Header Files">
      <UniqueIdentifier>{93995380-89BD-4b04-88EB-625FBE52EBFB}</UniqueIdentifier>
      <Extensions>h;hh;hpp;hxx;hm;inl;inc;xsd</Extensions>
    </Filter>
    <Filter Include="Resource Files">
      <UniqueIdentifier>{67DA6AB6-F800-4c08-8B7A-83BB121AAD01}</UniqueIdentifier>
      <Extensions>rc;ico;cur;bmp;dlg;rc2;rct;bin;rgs;gif;jpg;jpeg;jpe;resx;tiff;tif;png;wav;mfcribbon-ms</Extensions>
    </Filter>
    <Filter Include="Core">
      <UniqueIdentifier>{f7fcc42f-327e-42df-a401-ed1d0124c58f}</UniqueIdentifier>
    </Filter>
  </ItemGroup>
  <ItemGroup>
    <Text Include="ReadMe.txt" />
  </ItemGroup>
  <ItemGroup>
    <ClInclude Include="DKFileClassifier.h">
      <Filter>Header Files</Filter>
    </ClInclude>
    <ClInclude Include="DKFileClassifierDlg.h">
      <Filter>Header Files</Filter>
    </ClInclude>
    <ClInclude Include="stdafx.h">
      <Filter>Header Files</Filter>
    </ClInclude>
    <ClInclude Include="targetver.h">
      <Filter>Header Files</Filter>
    </ClInclude>
    <ClInclude Include="Resource.h">
      <Filter>Header Files</Filter>
    </ClInclude>
    <ClInclude Include="DKConfig.h">
      <Filter>Header Files</Filter>
    </ClInclude>
    <ClInclude Include="DKCoreClassifier\DKClassifier.h">
      <Filter>Core</Filter>
    </ClInclude>
    <ClInclude Include="DKCoreClassifier\DKFile.h">
      <Filter>Core</Filter>
    </ClInclude>
    <ClInclude Include="DKCoreClassifier\DKFileIdentifier.h">
      <Filter>Core</Filter>
    </ClInclude>
    <ClInclude Include="DKCoreClassifier\DKPeFile.h">
      <Filter>Core</Filter>
    </ClInclude>
    <ClInclude Include="DKCoreClassifier\DKString.h">
      <Filter>Core</Filter>
    </ClInclude>
  </ItemGroup>
  <ItemGroup>
    <ClCompile Include="DKFileClassifier.cpp">
      <Filter>Source Files</Filter>
    </ClCompile>
    <ClCompile Include="DKFileClassifierDlg.cpp">
      <Filter>Source Files</Filter>
    </ClCompile>
    <ClCompile Include="stdafx.cpp">
      <Filter>Source Files</Filter>
    </ClCompile>
    <ClCompile Include="DKConfig.cpp">
      <Filter>Header Files</Filter>
    </ClCompile>
    <ClCompile Include="DKCoreClassifier\DKClassifier.cpp">
      <Filter>Core</Filter>
    </ClCompile>
    <ClCompile Include="DKCoreClassifier\DKFile.cpp">
      <Filter>Core</Filter>
    </ClCompile>
    <ClCompile Include="DKCoreClassifier\DKFileIdentifier.cpp">
      <Filter>Core</Filter>
    </ClCompile>
    <ClCompile Include="DKCoreClassifier\DKPeFile.cpp">
      <Filter>Core</Filter>
    </ClCompile>
    <ClCompile Include="DKCoreClassifier\DKString.cpp">
      <Filter>Core</Filter>
    </ClCompile>
  </ItemGroup>
  <ItemGroup>
    <ResourceCompile Include="DKFileClassifier.rc">
      <Filter>Resource Files</Filter>
    </ResourceCompile>
  </ItemGroup>
  <ItemGroup>
    <None Include="res\DKFileClassifier.rc2">
      <Filter>Resource Files</Filter>
    </None>
  </ItemGroup>
  <ItemGroup>
    <Image Include="res\DKFileClassifier.ico">
      <Filter>Resource Files</Filter>
    </Image>
  </ItemGroup>
</Project>